
Microsoft Visual Studio Solution File, Format Version 12.00
# Visual Studio Version 17
VisualStudioVersion = 17.11.35303.130
MinimumVisualStudioVersion = 10.0.40219.1
Project("{FAE04EC0-301F-11D3-BF4B-00C04F79EFBC}") = "Weichen-Checkliste", "Weichen-Checkliste\Weichen-Checkliste.csproj", "{AF5641D4-F687-41F0-926F-A1C1C84E5A85}"
EndProject
Project("{54435603-DBB4-11D2-8724-00A0C9A8B90C}") = "SSB-Weichen-Checkliste", "SSB-Weichen-Checkliste\SSB-Weichen-Checkliste.vdproj", "{C18267E7-310F-4F5B-BF37-F4836CEB953D}"
EndProject
Global
	GlobalSection(SolutionConfigurationPlatforms) = preSolution
		Debug|Any CPU = Debug|Any CPU
		Release|Any CPU = Release|Any CPU
	EndGlobalSection
	GlobalSection(ProjectConfigurationPlatforms) = postSolution
		{AF5641D4-F687-41F0-926F-A1C1C84E5A85}.Debug|Any CPU.ActiveCfg = Debug|Any CPU
		{AF5641D4-F687-41F0-926F-A1C1C84E5A85}.Debug|Any CPU.Build.0 = Debug|Any CPU
		{AF5641D4-F687-41F0-926F-A1C1C84E5A85}.Release|Any CPU.ActiveCfg = Release|Any CPU
		{AF5641D4-F687-41F0-926F-A1C1C84E5A85}.Release|Any CPU.Build.0 = Release|Any CPU
		{C18267E7-310F-4F5B-BF37-F4836CEB953D}.Debug|Any CPU.ActiveCfg = Debug
		{C18267E7-310F-4F5B-BF37-F4836CEB953D}.Release|Any CPU.ActiveCfg = Release
	EndGlobalSection
	GlobalSection(SolutionProperties) = preSolution
		HideSolutionNode = FALSE
	EndGlobalSection
	GlobalSection(ExtensibilityGlobals) = postSolution
		SolutionGuid = {D8A7A8FB-2028-4914-907D-6C258D07BCDE}
	EndGlobalSection
EndGlobal
